
Microsoft Visual Studio Solution File, Format Version 12.00
# Visual Studio Version 17
VisualStudioVersion = 17.11.35222.181
MinimumVisualStudioVersion = 10.0.40219.1
Project("{8BC9CEB8-8B4A-11D0-8D11-00A0C91BC942}") = "240919Cpp", "240919Cpp.vcxproj", "{314CEE49-CA9C-407B-BF50-E1ABACED4872}"
EndProject
Global
	GlobalSection(SolutionConfigurationPlatforms) = preSolution
		Debug|x64 = Debug|x64
		Debug|x86 = Debug|x86
		Release|x64 = Release|x64
		Release|x86 = Release|x86
	EndGlobalSection
	GlobalSection(ProjectConfigurationPlatforms) = postSolution
		{314CEE49-CA9C-407B-BF50-E1ABACED4872}.Debug|x64.ActiveCfg = Debug|x64
		{314CEE49-CA9C-407B-BF50-E1ABACED4872}.Debug|x64.Build.0 = Debug|x64
		{314CEE49-CA9C-407B-BF50-E1ABACED4872}.Debug|x86.ActiveCfg = Debug|Win32
		{314CEE49-CA9C-407B-BF50-E1ABACED4872}.Debug|x86.Build.0 = Debug|Win32
		{314CEE49-CA9C-407B-BF50-E1ABACED4872}.Release|x64.ActiveCfg = Release|x64
		{314CEE49-CA9C-407B-BF50-E1ABACED4872}.Release|x64.Build.0 = Release|x64
		{314CEE49-CA9C-407B-BF50-E1ABACED4872}.Release|x86.ActiveCfg = Release|Win32
		{314CEE49-CA9C-407B-BF50-E1ABACED4872}.Release|x86.Build.0 = Release|Win32
	EndGlobalSection
	GlobalSection(SolutionProperties) = preSolution
		HideSolutionNode = FALSE
	EndGlobalSection
	GlobalSection(ExtensibilityGlobals) = postSolution
		SolutionGuid = {85FE24E0-B0AC-4B35-BB2E-E94AC7625389}
	EndGlobalSection
EndGlobal
